
Microsoft Visual Studio Solution File, Format Version 12.00
# Visual Studio 14
VisualStudioVersion = 14.0.25123.0
MinimumVisualStudioVersion = 10.0.40219.1
Project("{FAE04EC0-301F-11D3-BF4B-00C04F79EFBC}") = "WCFService", "WCFService\WCFService.csproj", "{6DE607EB-9E93-4501-B986-D99980DE5FCA}"
EndProject
Project("{FAE04EC0-301F-11D3-BF4B-00C04F79EFBC}") = "WcfClient", "WcfClient\WcfClient.csproj", "{31A7D02D-7429-4D3E-9E17-8E4F4A215F26}"
EndProject
Global
	GlobalSection(SolutionConfigurationPlatforms) = preSolution
		Debug|Any CPU = Debug|Any CPU
		Release|Any CPU = Release|Any CPU
	EndGlobalSection
	GlobalSection(ProjectConfigurationPlatforms) = postSolution
		{6DE607EB-9E93-4501-B986-D99980DE5FCA}.Debug|Any CPU.ActiveCfg = Debug|Any CPU
		{6DE607EB-9E93-4501-B986-D99980DE5FCA}.Debug|Any CPU.Build.0 = Debug|Any CPU
		{6DE607EB-9E93-4501-B986-D99980DE5FCA}.Release|Any CPU.ActiveCfg = Release|Any CPU
		{6DE607EB-9E93-4501-B986-D99980DE5FCA}.Release|Any CPU.Build.0 = Release|Any CPU
		{31A7D02D-7429-4D3E-9E17-8E4F4A215F26}.Debug|Any CPU.ActiveCfg = Debug|Any CPU
		{31A7D02D-7429-4D3E-9E17-8E4F4A215F26}.Debug|Any CPU.Build.0 = Debug|Any CPU
		{31A7D02D-7429-4D3E-9E17-8E4F4A215F26}.Release|Any CPU.ActiveCfg = Release|Any CPU
		{31A7D02D-7429-4D3E-9E17-8E4F4A215F26}.Release|Any CPU.Build.0 = Release|Any CPU
	EndGlobalSection
	GlobalSection(SolutionProperties) = preSolution
		HideSolutionNode = FALSE
	EndGlobalSection
EndGlobal
